
Microsoft Visual Studio Solution File, Format Version 12.00
# Visual Studio Version 17
VisualStudioVersion = 17.3.32929.385
MinimumVisualStudioVersion = 10.0.40219.1
Project("{9A19103F-16F7-4668-BE54-9A1E7A4F7556}") = "WebAPI", "WebAPI\WebAPI.csproj", "{BC0FB245-5C21-4F76-BCD4-EBCF33B86D61}"
EndProject
Project("{FAE04EC0-301F-11D3-BF4B-00C04F79EFBC}") = "API.DataAccess", "WebAPI.DataAccess\API.DataAccess.csproj", "{C88BE433-B0FF-48DA-855E-6B36D761DFDB}"
EndProject
Project("{FAE04EC0-301F-11D3-BF4B-00C04F79EFBC}") = "API.Models", "WebAPI.Models\API.Models.csproj", "{936E1BC9-A9C7-4003-8CD0-75402DDB767F}"
EndProject
Project("{FAE04EC0-301F-11D3-BF4B-00C04F79EFBC}") = "API.Utility", "WebAPI.Utility\API.Utility.csproj", "{6D8D0F56-CF89-45EB-8729-8AB225E84142}"
EndProject
Global
	GlobalSection(SolutionConfigurationPlatforms) = preSolution
		Debug|Any CPU = Debug|Any CPU
		Release|Any CPU = Release|Any CPU
	EndGlobalSection
	GlobalSection(ProjectConfigurationPlatforms) = postSolution
		{BC0FB245-5C21-4F76-BCD4-EBCF33B86D61}.Debug|Any CPU.ActiveCfg = Debug|Any CPU
		{BC0FB245-5C21-4F76-BCD4-EBCF33B86D61}.Debug|Any CPU.Build.0 = Debug|Any CPU
		{BC0FB245-5C21-4F76-BCD4-EBCF33B86D61}.Release|Any CPU.ActiveCfg = Release|Any CPU
		{BC0FB245-5C21-4F76-BCD4-EBCF33B86D61}.Release|Any CPU.Build.0 = Release|Any CPU
		{C88BE433-B0FF-48DA-855E-6B36D761DFDB}.Debug|Any CPU.ActiveCfg = Debug|Any CPU
		{C88BE433-B0FF-48DA-855E-6B36D761DFDB}.Debug|Any CPU.Build.0 = Debug|Any CPU
		{C88BE433-B0FF-48DA-855E-6B36D761DFDB}.Release|Any CPU.ActiveCfg = Release|Any CPU
		{C88BE433-B0FF-48DA-855E-6B36D761DFDB}.Release|Any CPU.Build.0 = Release|Any CPU
		{936E1BC9-A9C7-4003-8CD0-75402DDB767F}.Debug|Any CPU.ActiveCfg = Debug|Any CPU
		{936E1BC9-A9C7-4003-8CD0-75402DDB767F}.Debug|Any CPU.Build.0 = Debug|Any CPU
		{936E1BC9-A9C7-4003-8CD0-75402DDB767F}.Release|Any CPU.ActiveCfg = Release|Any CPU
		{936E1BC9-A9C7-4003-8CD0-75402DDB767F}.Release|Any CPU.Build.0 = Release|Any CPU
		{6D8D0F56-CF89-45EB-8729-8AB225E84142}.Debug|Any CPU.ActiveCfg = Debug|Any CPU
		{6D8D0F56-CF89-45EB-8729-8AB225E84142}.Debug|Any CPU.Build.0 = Debug|Any CPU
		{6D8D0F56-CF89-45EB-8729-8AB225E84142}.Release|Any CPU.ActiveCfg = Release|Any CPU
		{6D8D0F56-CF89-45EB-8729-8AB225E84142}.Release|Any CPU.Build.0 = Release|Any CPU
	EndGlobalSection
	GlobalSection(SolutionProperties) = preSolution
		HideSolutionNode = FALSE
	EndGlobalSection
	GlobalSection(ExtensibilityGlobals) = postSolution
		SolutionGuid = {D4421046-9DEE-4E18-B430-5CF893256AC1}
	EndGlobalSection
EndGlobal
